// !$*UTF8*$!
{
	archiveVersion = 1;
	classes = {
	};
	objectVersion = 46;
	objects = {

/* Begin PBXBuildFile section */
		69A62A051E885750009788A2 /* SwiftyOnboard.framework in Frameworks */ = {isa = PBXBuildFile; fileRef = 69A629FB1E885750009788A2 /* SwiftyOnboard.framework */; };
		69A62A0A1E885750009788A2 /* SwiftyOnboardTests.swift in Sources */ = {isa = PBXBuildFile; fileRef = 69A62A091E885750009788A2 /* SwiftyOnboardTests.swift */; };
		69A62A0C1E885750009788A2 /* SwiftyOnboard.h in Headers */ = {isa = PBXBuildFile; fileRef = 69A629FE1E885750009788A2 /* SwiftyOnboard.h */; settings = {ATTRIBUTES = (Public, ); }; };
		69A62A181E885760009788A2 /* SwiftyOnboardOverlay.swift in Sources */ = {isa = PBXBuildFile; fileRef = 69A62A151E885760009788A2 /* SwiftyOnboardOverlay.swift */; };
		69A62A191E885760009788A2 /* SwiftyOnboardPage.swift in Sources */ = {isa = PBXBuildFile; fileRef = 69A62A161E885760009788A2 /* SwiftyOnboardPage.swift */; };
		69A62A1A1E885760009788A2 /* SwiftyOnboard.swift in Sources */ = {isa = PBXBuildFile; fileRef = 69A62A171E885760009788A2 /* SwiftyOnboard.swift */; };
/* End PBXBuildFile section */

/* Begin PBXContainerItemProxy section */
		69A62A061E885750009788A2 /* PBXContainerItemProxy */ = {
			isa = PBXContainerItemProxy;
			containerPortal = 69A629F21E885750009788A2 /* Project object */;
			proxyType = 1;
			remoteGlobalIDString = 69A629FA1E885750009788A2;
			remoteInfo = SwiftyOnboard;
		};
/* End PBXContainerItemProxy section */

/* Begin PBXFileReference section */
		69A629FB1E885750009788A2 /* SwiftyOnboard.framework */ = {isa = PBXFileReference; explicitFileType = wrapper.framework; includeInIndex = 0; path = SwiftyOnboard.framework; sourceTree = BUILT_PRODUCTS_DIR; };
		69A629FE1E885750009788A2 /* SwiftyOnboard.h */ = {isa = PBXFileReference; lastKnownFileType = sourcecode.c.h; path = SwiftyOnboard.h; sourceTree = "<group>"; };
		69A629FF1E885750009788A2 /* Info.plist */ = {isa = PBXFileReference; lastKnownFileType = text.plist.xml; path = Info.plist; sourceTree = "<group>"; };
		69A62A041E885750009788A2 /* SwiftyOnboardTests.xctest */ = {isa = PBXFileReference; explicitFileType = wrapper.cfbundle; includeInIndex = 0; path = SwiftyOnboardTests.xctest; sourceTree = BUILT_PRODUCTS_DIR; };
		69A62A091E885750009788A2 /* SwiftyOnboardTests.swift */ = {isa = PBXFileReference; lastKnownFileType = sourcecode.swift; path = SwiftyOnboardTests.swift; sourceTree = "<group>"; };
		69A62A0B1E885750009788A2 /* Info.plist */ = {isa = PBXFileReference; lastKnownFileType = text.plist.xml; path = Info.plist; sourceTree = "<group>"; };
		69A62A151E885760009788A2 /* SwiftyOnboardOverlay.swift */ = {isa = PBXFileReference; fileEncoding = 4; lastKnownFileType = sourcecode.swift; path = SwiftyOnboardOverlay.swift; sourceTree = "<group>"; };
		69A62A161E885760009788A2 /* SwiftyOnboardPage.swift */ = {isa = PBXFileReference; fileEncoding = 4; lastKnownFileType = sourcecode.swift; path = SwiftyOnboardPage.swift; sourceTree = "<group>"; };
		69A62A171E885760009788A2 /* SwiftyOnboard.swift */ = {isa = PBXFileReference; fileEncoding = 4; lastKnownFileType = sourcecode.swift; path = SwiftyOnboard.swift; sourceTree = "<group>"; };
/* End PBXFileReference section */

/* Begin PBXFrameworksBuildPhase section */
		69A629F71E885750009788A2 /* Frameworks */ = {
			isa = PBXFrameworksBuildPhase;
			buildActionMask = 2147483647;
			files = (
			);
			runOnlyForDeploymentPostprocessing = 0;
		};
		69A62A011E885750009788A2 /* Frameworks */ = {
			isa = PBXFrameworksBuildPhase;
			buildActionMask = 2147483647;
			files = (
				69A62A051E885750009788A2 /* SwiftyOnboard.framework in Frameworks */,
			);
			runOnlyForDeploymentPostprocessing = 0;
		};
/* End PBXFrameworksBuildPhase section */

/* Begin PBXGroup section */
		69A629F11E885750009788A2 = {
			isa = PBXGroup;
			children = (
				69A629FD1E885750009788A2 /* SwiftyOnboard */,
				69A62A081E885750009788A2 /* SwiftyOnboardTests */,
				69A629FC1E885750009788A2 /* Products */,
			);
			sourceTree = "<group>";
		};
		69A629FC1E885750009788A2 /* Products */ = {
			isa = PBXGroup;
			children = (
				69A629FB1E885750009788A2 /* SwiftyOnboard.framework */,
				69A62A041E885750009788A2 /* SwiftyOnboardTests.xctest */,
			);
			name = Products;
			sourceTree = "<group>";
		};
		69A629FD1E885750009788A2 /* SwiftyOnboard */ = {
			isa = PBXGroup;
			children = (
				69A629FE1E885750009788A2 /* SwiftyOnboard.h */,
				69A62A151E885760009788A2 /* SwiftyOnboardOverlay.swift */,
				69A62A161E885760009788A2 /* SwiftyOnboardPage.swift */,
				69A62A171E885760009788A2 /* SwiftyOnboard.swift */,
				69A629FF1E885750009788A2 /* Info.plist */,
			);
			path = SwiftyOnboard;
			sourceTree = "<group>";
		};
		69A62A081E885750009788A2 /* SwiftyOnboardTests */ = {
			isa = PBXGroup;
			children = (
				69A62A091E885750009788A2 /* SwiftyOnboardTests.swift */,
				69A62A0B1E885750009788A2 /* Info.plist */,
			);
			path = SwiftyOnboardTests;
			sourceTree = "<group>";
		};
/* End PBXGroup section */

/* Begin PBXHeadersBuildPhase section */
		69A629F81E885750009788A2 /* Headers */ = {
			isa = PBXHeadersBuildPhase;
			buildActionMask = 2147483647;
			files = (
				69A62A0C1E885750009788A2 /* SwiftyOnboard.h in Headers */,
			);
			runOnlyForDeploymentPostprocessing = 0;
		};
/* End PBXHeadersBuildPhase section */

/* Begin PBXNativeTarget section */
		69A629FA1E885750009788A2 /* SwiftyOnboard */ = {
			isa = PBXNativeTarget;
			buildConfigurationList = 69A62A0F1E885750009788A2 /* Build configuration list for PBXNativeTarget "SwiftyOnboard" */;
			buildPhases = (
				69A629F61E885750009788A2 /* Sources */,
				69A629F71E885750009788A2 /* Frameworks */,
				69A629F81E885750009788A2 /* Headers */,
				69A629F91E885750009788A2 /* Resources */,
			);
			buildRules = (
			);
			dependencies = (
			);
			name = SwiftyOnboard;
			productName = SwiftyOnboard;
			productReference = 69A629FB1E885750009788A2 /* SwiftyOnboard.framework */;
			productType = "com.apple.product-type.framework";
		};
		69A62A031E885750009788A2 /* SwiftyOnboardTests */ = {
			isa = PBXNativeTarget;
			buildConfigurationList = 69A62A121E885750009788A2 /* Build configuration list for PBXNativeTarget "SwiftyOnboardTests" */;
			buildPhases = (
				69A62A001E885750009788A2 /* Sources */,
				69A62A011E885750009788A2 /* Frameworks */,
				69A62A021E885750009788A2 /* Resources */,
			);
			buildRules = (
			);
			dependencies = (
				69A62A071E885750009788A2 /* PBXTargetDependency */,
			);
			name = SwiftyOnboardTests;
			productName = SwiftyOnboardTests;
			productReference = 69A62A041E885750009788A2 /* SwiftyOnboardTests.xctest */;
			productType = "com.apple.product-type.bundle.unit-test";
		};
/* End PBXNativeTarget section */

/* Begin PBXProject section */
		69A629F21E885750009788A2 /* Project object */ = {
			isa = PBXProject;
			attributes = {
				LastSwiftUpdateCheck = 0820;
				LastUpgradeCheck = 0820;
				ORGANIZATIONNAME = "Juan Pablo Fernandez";
				TargetAttributes = {
					69A629FA1E885750009788A2 = {
						CreatedOnToolsVersion = 8.2.1;
						DevelopmentTeam = V92SZ8966T;
						LastSwiftMigration = 0820;
						ProvisioningStyle = Automatic;
					};
					69A62A031E885750009788A2 = {
						CreatedOnToolsVersion = 8.2.1;
						DevelopmentTeam = V92SZ8966T;
						ProvisioningStyle = Automatic;
					};
				};
			};
			buildConfigurationList = 69A629F51E885750009788A2 /* Build configuration list for PBXProject "SwiftyOnboard" */;
			compatibilityVersion = "Xcode 3.2";
			developmentRegion = English;
			hasScannedForEncodings = 0;
			knownRegions = (
				en,
			);
			mainGroup = 69A629F11E885750009788A2;
			productRefGroup = 69A629FC1E885750009788A2 /* Products */;
			projectDirPath = "";
			projectRoot = "";
			targets = (
				69A629FA1E885750009788A2 /* SwiftyOnboard */,
				69A62A031E885750009788A2 /* SwiftyOnboardTests */,
			);
		};
/* End PBXProject section */

/* Begin PBXResourcesBuildPhase section */
		69A629F91E885750009788A2 /* Resources */ = {
			isa = PBXResourcesBuildPhase;
			buildActionMask = 2147483647;
			files = (
			);
			runOnlyForDeploymentPostprocessing = 0;
		};
		69A62A021E885750009788A2 /* Resources */ = {
			isa = PBXResourcesBuildPhase;
			buildActionMask = 2147483647;
			files = (
			);
			runOnlyForDeploymentPostprocessing = 0;
		};
/* End PBXResourcesBuildPhase section */

/* Begin PBXSourcesBuildPhase section */
		69A629F61E885750009788A2 /* Sources */ = {
			isa = PBXSourcesBuildPhase;
			buildActionMask = 2147483647;
			files = (
				69A62A1A1E885760009788A2 /* SwiftyOnboard.swift in Sources */,
				69A62A191E885760009788A2 /* SwiftyOnboardPage.swift in Sources */,
				69A62A181E885760009788A2 /* SwiftyOnboardOverlay.swift in Sources */,
			);
			runOnlyForDeploymentPostprocessing = 0;
		};
		69A62A001E885750009788A2 /* Sources */ = {
			isa = PBXSourcesBuildPhase;
			buildActionMask = 2147483647;
			files = (
				69A62A0A1E885750009788A2 /* SwiftyOnboardTests.swift in Sources */,
			);
			runOnlyForDeploymentPostprocessing = 0;
		};
/* End PBXSourcesBuildPhase section */

/* Begin PBXTargetDependency section */
		69A62A071E885750009788A2 /* PBXTargetDependency */ = {
			isa = PBXTargetDependency;
			target = 69A629FA1E885750009788A2 /* SwiftyOnboard */;
			targetProxy = 69A62A061E885750009788A2 /* PBXContainerItemProxy */;
		};
/* End PBXTargetDependency section */

/* Begin XCBuildConfiguration section */
		69A62A0D1E885750009788A2 /* Debug */ = {
			isa = XCBuildConfiguration;
			buildSettings = {
				ALWAYS_SEARCH_USER_PATHS = NO;
				CLANG_ANALYZER_NONNULL = YES;
				CLANG_CXX_LANGUAGE_STANDARD = "gnu++0x";
				CLANG_CXX_LIBRARY = "libc++";
				CLANG_ENABLE_MODULES = YES;
				CLANG_ENABLE_OBJC_ARC = YES;
				CLANG_WARN_BOOL_CONVERSION = YES;
				CLANG_WARN_CONSTANT_CONVERSION = YES;
				CLANG_WARN_DIRECT_OBJC_ISA_USAGE = YES_ERROR;
				CLANG_WARN_DOCUMENTATION_COMMENTS = YES;
				CLANG_WARN_EMPTY_BODY = YES;
				CLANG_WARN_ENUM_CONVERSION = YES;
				CLANG_WARN_INFINITE_RECURSION = YES;
				CLANG_WARN_INT_CONVERSION = YES;
				CLANG_WARN_OBJC_ROOT_CLASS = YES_ERROR;
				CLANG_WARN_SUSPICIOUS_MOVE = YES;
				CLANG_WARN_UNREACHABLE_CODE = YES;
				CLANG_WARN__DUPLICATE_METHOD_MATCH = YES;
				"CODE_SIGN_IDENTITY[sdk=iphoneos*]" = "iPhone Developer";
				COPY_PHASE_STRIP = NO;
				CURRENT_PROJECT_VERSION = 1;
				DEBUG_INFORMATION_FORMAT = dwarf;
				ENABLE_STRICT_OBJC_MSGSEND = YES;
				ENABLE_TESTABILITY = YES;
				GCC_C_LANGUAGE_STANDARD = gnu99;
				GCC_DYNAMIC_NO_PIC = NO;
				GCC_NO_COMMON_BLOCKS = YES;
				GCC_OPTIMIZATION_LEVEL = 0;
				GCC_PREPROCESSOR_DEFINITIONS = (
					"DEBUG=1",
					"$(inherited)",
				);
				GCC_WARN_64_TO_32_BIT_CONVERSION = YES;
				GCC_WARN_ABOUT_RETURN_TYPE = YES_ERROR;
				GCC_WARN_UNDECLARED_SELECTOR = YES;
				GCC_WARN_UNINITIALIZED_AUTOS = YES_AGGRESSIVE;
				GCC_WARN_UNUSED_FUNCTION = YES;
				GCC_WARN_UNUSED_VARIABLE = YES;
				IPHONEOS_DEPLOYMENT_TARGET = 10.2;
				MTL_ENABLE_DEBUG_INFO = YES;
				ONLY_ACTIVE_ARCH = YES;
				SDKROOT = iphoneos;
				SWIFT_ACTIVE_COMPILATION_CONDITIONS = DEBUG;
				SWIFT_OPTIMIZATION_LEVEL = "-Onone";
				TARGETED_DEVICE_FAMILY = "1,2";
				VERSIONING_SYSTEM = "apple-generic";
				VERSION_INFO_PREFIX = "";
			};
			name = Debug;
		};
		69A62A0E1E885750009788A2 /* Release */ = {
			isa = XCBuildConfiguration;
			buildSettings = {
				ALWAYS_SEARCH_USER_PATHS = NO;
				CLANG_ANALYZER_NONNULL = YES;
				CLANG_CXX_LANGUAGE_STANDARD = "gnu++0x";
				CLANG_CXX_LIBRARY = "libc++";
				CLANG_ENABLE_MODULES = YES;
				CLANG_ENABLE_OBJC_ARC = YES;
				CLANG_WARN_BOOL_CONVERSION = YES;
				CLANG_WARN_CONSTANT_CONVERSION = YES;
				CLANG_WARN_DIRECT_OBJC_ISA_USAGE = YES_ERROR;
				CLANG_WARN_DOCUMENTATION_COMMENTS = YES;
				CLANG_WARN_EMPTY_BODY = YES;
				CLANG_WARN_ENUM_CONVERSION = YES;
				CLANG_WARN_INFINITE_RECURSION = YES;
				CLANG_WARN_INT_CONVERSION = YES;
				CLANG_WARN_OBJC_ROOT_CLASS = YES_ERROR;
				CLANG_WARN_SUSPICIOUS_MOVE = YES;
				CLANG_WARN_UNREACHABLE_CODE = YES;
				CLANG_WARN__DUPLICATE_METHOD_MATCH = YES;
				"CODE_SIGN_IDENTITY[sdk=iphoneos*]" = "iPhone Developer";
				COPY_PHASE_STRIP = NO;
				CURRENT_PROJECT_VERSION = 1;
				DEBUG_INFORMATION_FORMAT = "dwarf-with-dsym";
				ENABLE_NS_ASSERTIONS = NO;
				ENABLE_STRICT_OBJC_MSGSEND = YES;
				GCC_C_LANGUAGE_STANDARD = gnu99;
				GCC_NO_COMMON_BLOCKS = YES;
				GCC_WARN_64_TO_32_BIT_CONVERSION = YES;
				GCC_WARN_ABOUT_RETURN_TYPE = YES_ERROR;
				GCC_WARN_UNDECLARED_SELECTOR = YES;
				GCC_WARN_UNINITIALIZED_AUTOS = YES_AGGRESSIVE;
				GCC_WARN_UNUSED_FUNCTION = YES;
				GCC_WARN_UNUSED_VARIABLE = YES;
				IPHONEOS_DEPLOYMENT_TARGET = 10.2;
				MTL_ENABLE_DEBUG_INFO = NO;
				SDKROOT = iphoneos;
				SWIFT_OPTIMIZATION_LEVEL = "-Owholemodule";
				TARGETED_DEVICE_FAMILY = "1,2";
				VALIDATE_PRODUCT = YES;
				VERSIONING_SYSTEM = "apple-generic";
				VERSION_INFO_PREFIX = "";
			};
			name = Release;
		};
		69A62A101E885750009788A2 /* Debug */ = {
			isa = XCBuildConfiguration;
			buildSettings = {
				CLANG_ENABLE_MODULES = YES;
				CODE_SIGN_IDENTITY = "";
				DEFINES_MODULE = YES;
				DEVELOPMENT_TEAM = V92SZ8966T;
				DYLIB_COMPATIBILITY_VERSION = 1;
				DYLIB_CURRENT_VERSION = 1;
				DYLIB_INSTALL_NAME_BASE = "@rpath";
				INFOPLIST_FILE = SwiftyOnboard/Info.plist;
				INSTALL_PATH = "$(LOCAL_LIBRARY_DIR)/Frameworks";
				IPHONEOS_DEPLOYMENT_TARGET = 9.0;
				LD_RUNPATH_SEARCH_PATHS = "$(inherited) @executable_path/Frameworks @loader_path/Frameworks";
				PRODUCT_BUNDLE_IDENTIFIER = com.juanpablofernandez.SwiftyOnboard;
				PRODUCT_NAME = "$(TARGET_NAME)";
				SKIP_INSTALL = YES;
				SWIFT_OPTIMIZATION_LEVEL = "-Onone";
				SWIFT_VERSION = 3.0;
			};
			name = Debug;
		};
		69A62A111E885750009788A2 /* Release */ = {
			isa = XCBuildConfiguration;
			buildSettings = {
				CLANG_ENABLE_MODULES = YES;
				CODE_SIGN_IDENTITY = "";
				DEFINES_MODULE = YES;
				DEVELOPMENT_TEAM = V92SZ8966T;
				DYLIB_COMPATIBILITY_VERSION = 1;
				DYLIB_CURRENT_VERSION = 1;
				DYLIB_INSTALL_NAME_BASE = "@rpath";
				INFOPLIST_FILE = SwiftyOnboard/Info.plist;
				INSTALL_PATH = "$(LOCAL_LIBRARY_DIR)/Frameworks";
				IPHONEOS_DEPLOYMENT_TARGET = 9.0;
				LD_RUNPATH_SEARCH_PATHS = "$(inherited) @executable_path/Frameworks @loader_path/Frameworks";
				PRODUCT_BUNDLE_IDENTIFIER = com.juanpablofernandez.SwiftyOnboard;
				PRODUCT_NAME = "$(TARGET_NAME)";
				SKIP_INSTALL = YES;
				SWIFT_VERSION = 3.0;
			};
			name = Release;
		};
		69A62A131E885750009788A2 /* Debug */ = {
			isa = XCBuildConfiguration;
			buildSettings = {
				ALWAYS_EMBED_SWIFT_STANDARD_LIBRARIES = YES;
				DEVELOPMENT_TEAM = V92SZ8966T;
				INFOPLIST_FILE = SwiftyOnboardTests/Info.plist;
				LD_RUNPATH_SEARCH_PATHS = "$(inherited) @executable_path/Frameworks @loader_path/Frameworks";
				PRODUCT_BUNDLE_IDENTIFIER = com.juanpablofernandez.SwiftyOnboardTests;
				PRODUCT_NAME = "$(TARGET_NAME)";
				SWIFT_VERSION = 3.0;
			};
			name = Debug;
		};
		69A62A141E885750009788A2 /* Release */ = {
			isa = XCBuildConfiguration;
			buildSettings = {
				ALWAYS_EMBED_SWIFT_STANDARD_LIBRARIES = YES;
				DEVELOPMENT_TEAM = V92SZ8966T;
				INFOPLIST_FILE = SwiftyOnboardTests/Info.plist;
				LD_RUNPATH_SEARCH_PATHS = "$(inherited) @executable_path/Frameworks @loader_path/Frameworks";
				PRODUCT_BUNDLE_IDENTIFIER = com.juanpablofernandez.SwiftyOnboardTests;
				PRODUCT_NAME = "$(TARGET_NAME)";
				SWIFT_VERSION = 3.0;
			};
			name = Release;
		};
/* End XCBuildConfiguration section */

/* Begin XCConfigurationList section */
		69A629F51E885750009788A2 /* Build configuration list for PBXProject "SwiftyOnboard" */ = {
			isa = XCConfigurationList;
			buildConfigurations = (
				69A62A0D1E885750009788A2 /* Debug */,
				69A62A0E1E885750009788A2 /* Release */,
			);
			defaultConfigurationIsVisible = 0;
			defaultConfigurationName = Release;
		};
		69A62A0F1E885750009788A2 /* Build configuration list for PBXNativeTarget "SwiftyOnboard" */ = {
			isa = XCConfigurationList;
			buildConfigurations = (
				69A62A101E885750009788A2 /* Debug */,
				69A62A111E885750009788A2 /* Release */,
			);
			defaultConfigurationIsVisible = 0;
			defaultConfigurationName = Release;
		};
		69A62A121E885750009788A2 /* Build configuration list for PBXNativeTarget "SwiftyOnboardTests" */ = {
			isa = XCConfigurationList;
			buildConfigurations = (
				69A62A131E885750009788A2 /* Debug */,
				69A62A141E885750009788A2 /* Release */,
			);
			defaultConfigurationIsVisible = 0;
			defaultConfigurationName = Release;
		};
/* End XCConfigurationList section */
	};
	rootObject = 69A629F21E885750009788A2 /* Project object */;
}
